
Microsoft Visual Studio Solution File, Format Version 12.00
# Visual Studio 14
VisualStudioVersion = 14.0.23107.0
MinimumVisualStudioVersion = 10.0.40219.1
Project("{FAE04EC0-301F-11D3-BF4B-00C04F79EFBC}") = "Campus.Droid", "Campus\Campus.Droid\Campus.Droid.csproj", "{62FD997C-F463-4332-9A5C-8CC1ABF9D174}"
EndProject
Project("{FAE04EC0-301F-11D3-BF4B-00C04F79EFBC}") = "Campus.iOS", "Campus\Campus.iOS\Campus.iOS.csproj", "{96C2E9AD-FCA4-4C86-AC35-1EB6BD47776A}"
EndProject
Project("{FAE04EC0-301F-11D3-BF4B-00C04F79EFBC}") = "Campus.WinPhone", "Campus\Campus.WinPhone\Campus.WinPhone.csproj", "{EFB420E1-7679-4F49-8266-2889284768F5}"
EndProject
Project("{FAE04EC0-301F-11D3-BF4B-00C04F79EFBC}") = "Campus.Windows", "Campus\Campus.Windows\Campus.Windows.csproj", "{10532A14-705C-451C-94BC-32A9C4DFFEF2}"
EndProject
Project("{FAE04EC0-301F-11D3-BF4B-00C04F79EFBC}") = "Campus", "Campus\Campus\Campus.csproj", "{5DAFEF1A-7F83-4C99-9EA5-EA9C8855846E}"
EndProject
Global
	GlobalSection(SolutionConfigurationPlatforms) = preSolution
		Ad-Hoc|Any CPU = Ad-Hoc|Any CPU
		Ad-Hoc|ARM = Ad-Hoc|ARM
		Ad-Hoc|iPhone = Ad-Hoc|iPhone
		Ad-Hoc|iPhoneSimulator = Ad-Hoc|iPhoneSimulator
		Ad-Hoc|x64 = Ad-Hoc|x64
		Ad-Hoc|x86 = Ad-Hoc|x86
		AppStore|Any CPU = AppStore|Any CPU
		AppStore|ARM = AppStore|ARM
		AppStore|iPhone = AppStore|iPhone
		AppStore|iPhoneSimulator = AppStore|iPhoneSimulator
		AppStore|x64 = AppStore|x64
		AppStore|x86 = AppStore|x86
		Debug|Any CPU = Debug|Any CPU
		Debug|ARM = Debug|ARM
		Debug|iPhone = Debug|iPhone
		Debug|iPhoneSimulator = Debug|iPhoneSimulator
		Debug|x64 = Debug|x64
		Debug|x86 = Debug|x86
		Release|Any CPU = Release|Any CPU
		Release|ARM = Release|ARM
		Release|iPhone = Release|iPhone
		Release|iPhoneSimulator = Release|iPhoneSimulator
		Release|x64 = Release|x64
		Release|x86 = Release|x86
	EndGlobalSection
	GlobalSection(ProjectConfigurationPlatforms) = postSolution
		{62FD997C-F463-4332-9A5C-8CC1ABF9D174}.Ad-Hoc|Any CPU.ActiveCfg = Release|Any CPU
		{62FD997C-F463-4332-9A5C-8CC1ABF9D174}.Ad-Hoc|Any CPU.Build.0 = Release|Any CPU
		{62FD997C-F463-4332-9A5C-8CC1ABF9D174}.Ad-Hoc|Any CPU.Deploy.0 = Release|Any CPU
		{62FD997C-F463-4332-9A5C-8CC1ABF9D174}.Ad-Hoc|ARM.ActiveCfg = Release|Any CPU
		{62FD997C-F463-4332-9A5C-8CC1ABF9D174}.Ad-Hoc|ARM.Build.0 = Release|Any CPU
		{62FD997C-F463-4332-9A5C-8CC1ABF9D174}.Ad-Hoc|ARM.Deploy.0 = Release|Any CPU
		{62FD997C-F463-4332-9A5C-8CC1ABF9D174}.Ad-Hoc|iPhone.ActiveCfg = Release|Any CPU
		{62FD997C-F463-4332-9A5C-8CC1ABF9D174}.Ad-Hoc|iPhone.Build.0 = Release|Any CPU
		{62FD997C-F463-4332-9A5C-8CC1ABF9D174}.Ad-Hoc|iPhone.Deploy.0 = Release|Any CPU
		{62FD997C-F463-4332-9A5C-8CC1ABF9D174}.Ad-Hoc|iPhoneSimulator.ActiveCfg = Release|Any CPU
		{62FD997C-F463-4332-9A5C-8CC1ABF9D174}.Ad-Hoc|iPhoneSimulator.Build.0 = Release|Any CPU
		{62FD997C-F463-4332-9A5C-8CC1ABF9D174}.Ad-Hoc|iPhoneSimulator.Deploy.0 = Release|Any CPU
		{62FD997C-F463-4332-9A5C-8CC1ABF9D174}.Ad-Hoc|x64.ActiveCfg = Release|Any CPU
		{62FD997C-F463-4332-9A5C-8CC1ABF9D174}.Ad-Hoc|x64.Build.0 = Release|Any CPU
		{62FD997C-F463-4332-9A5C-8CC1ABF9D174}.Ad-Hoc|x64.Deploy.0 = Release|Any CPU
		{62FD997C-F463-4332-9A5C-8CC1ABF9D174}.Ad-Hoc|x86.ActiveCfg = Release|Any CPU
		{62FD997C-F463-4332-9A5C-8CC1ABF9D174}.Ad-Hoc|x86.Build.0 = Release|Any CPU
		{62FD997C-F463-4332-9A5C-8CC1ABF9D174}.Ad-Hoc|x86.Deploy.0 = Release|Any CPU
		{62FD997C-F463-4332-9A5C-8CC1ABF9D174}.AppStore|Any CPU.ActiveCfg = Release|Any CPU
		{62FD997C-F463-4332-9A5C-8CC1ABF9D174}.AppStore|Any CPU.Build.0 = Release|Any CPU
		{62FD997C-F463-4332-9A5C-8CC1ABF9D174}.AppStore|Any CPU.Deploy.0 = Release|Any CPU
		{62FD997C-F463-4332-9A5C-8CC1ABF9D174}.AppStore|ARM.ActiveCfg = Release|Any CPU
		{62FD997C-F463-4332-9A5C-8CC1ABF9D174}.AppStore|ARM.Build.0 = Release|Any CPU
		{62FD997C-F463-4332-9A5C-8CC1ABF9D174}.AppStore|ARM.Deploy.0 = Release|Any CPU
		{62FD997C-F463-4332-9A5C-8CC1ABF9D174}.AppStore|iPhone.ActiveCfg = Release|Any CPU
		{62FD997C-F463-4332-9A5C-8CC1ABF9D174}.AppStore|iPhone.Build.0 = Release|Any CPU
		{62FD997C-F463-4332-9A5C-8CC1ABF9D174}.AppStore|iPhone.Deploy.0 = Release|Any CPU
		{62FD997C-F463-4332-9A5C-8CC1ABF9D174}.AppStore|iPhoneSimulator.ActiveCfg = Release|Any CPU
		{62FD997C-F463-4332-9A5C-8CC1ABF9D174}.AppStore|iPhoneSimulator.Build.0 = Release|Any CPU
		{62FD997C-F463-4332-9A5C-8CC1ABF9D174}.AppStore|iPhoneSimulator.Deploy.0 = Release|Any CPU
		{62FD997C-F463-4332-9A5C-8CC1ABF9D174}.AppStore|x64.ActiveCfg = Release|Any CPU
		{62FD997C-F463-4332-9A5C-8CC1ABF9D174}.AppStore|x64.Build.0 = Release|Any CPU
		{62FD997C-F463-4332-9A5C-8CC1ABF9D174}.AppStore|x64.Deploy.0 = Release|Any CPU
		{62FD997C-F463-4332-9A5C-8CC1ABF9D174}.AppStore|x86.ActiveCfg = Release|Any CPU
		{62FD997C-F463-4332-9A5C-8CC1ABF9D174}.AppStore|x86.Build.0 = Release|Any CPU
		{62FD997C-F463-4332-9A5C-8CC1ABF9D174}.AppStore|x86.Deploy.0 = Release|Any CPU
		{62FD997C-F463-4332-9A5C-8CC1ABF9D174}.Debug|Any CPU.ActiveCfg = Debug|Any CPU
		{62FD997C-F463-4332-9A5C-8CC1ABF9D174}.Debug|Any CPU.Build.0 = Debug|Any CPU
		{62FD997C-F463-4332-9A5C-8CC1ABF9D174}.Debug|Any CPU.Deploy.0 = Debug|Any CPU
		{62FD997C-F463-4332-9A5C-8CC1ABF9D174}.Debug|ARM.ActiveCfg = Debug|Any CPU
		{62FD997C-F463-4332-9A5C-8CC1ABF9D174}.Debug|ARM.Build.0 = Debug|Any CPU
		{62FD997C-F463-4332-9A5C-8CC1ABF9D174}.Debug|ARM.Deploy.0 = Debug|Any CPU
		{62FD997C-F463-4332-9A5C-8CC1ABF9D174}.Debug|iPhone.ActiveCfg = Debug|Any CPU
		{62FD997C-F463-4332-9A5C-8CC1ABF9D174}.Debug|iPhone.Build.0 = Debug|Any CPU
		{62FD997C-F463-4332-9A5C-8CC1ABF9D174}.Debug|iPhone.Deploy.0 = Debug|Any CPU
		{62FD997C-F463-4332-9A5C-8CC1ABF9D174}.Debug|iPhoneSimulator.ActiveCfg = Debug|Any CPU
		{62FD997C-F463-4332-9A5C-8CC1ABF9D174}.Debug|iPhoneSimulator.Build.0 = Debug|Any CPU
		{62FD997C-F463-4332-9A5C-8CC1ABF9D174}.Debug|iPhoneSimulator.Deploy.0 = Debug|Any CPU
		{62FD997C-F463-4332-9A5C-8CC1ABF9D174}.Debug|x64.ActiveCfg = Debug|Any CPU
		{62FD997C-F463-4332-9A5C-8CC1ABF9D174}.Debug|x64.Build.0 = Debug|Any CPU
		{62FD997C-F463-4332-9A5C-8CC1ABF9D174}.Debug|x64.Deploy.0 = Debug|Any CPU
		{62FD997C-F463-4332-9A5C-8CC1ABF9D174}.Debug|x86.ActiveCfg = Debug|Any CPU
		{62FD997C-F463-4332-9A5C-8CC1ABF9D174}.Debug|x86.Build.0 = Debug|Any CPU
		{62FD997C-F463-4332-9A5C-8CC1ABF9D174}.Debug|x86.Deploy.0 = Debug|Any CPU
		{62FD997C-F463-4332-9A5C-8CC1ABF9D174}.Release|Any CPU.ActiveCfg = Release|Any CPU
		{62FD997C-F463-4332-9A5C-8CC1ABF9D174}.Release|Any CPU.Build.0 = Release|Any CPU
		{62FD997C-F463-4332-9A5C-8CC1ABF9D174}.Release|Any CPU.Deploy.0 = Release|Any CPU
		{62FD997C-F463-4332-9A5C-8CC1ABF9D174}.Release|ARM.ActiveCfg = Release|Any CPU
		{62FD997C-F463-4332-9A5C-8CC1ABF9D174}.Release|ARM.Build.0 = Release|Any CPU
		{62FD997C-F463-4332-9A5C-8CC1ABF9D174}.Release|ARM.Deploy.0 = Release|Any CPU
		{62FD997C-F463-4332-9A5C-8CC1ABF9D174}.Release|iPhone.ActiveCfg = Release|Any CPU
		{62FD997C-F463-4332-9A5C-8CC1ABF9D174}.Release|iPhone.Build.0 = Release|Any CPU
		{62FD997C-F463-4332-9A5C-8CC1ABF9D174}.Release|iPhone.Deploy.0 = Release|Any CPU
		{62FD997C-F463-4332-9A5C-8CC1ABF9D174}.Release|iPhoneSimulator.ActiveCfg = Release|Any CPU
		{62FD997C-F463-4332-9A5C-8CC1ABF9D174}.Release|iPhoneSimulator.Build.0 = Release|Any CPU
		{62FD997C-F463-4332-9A5C-8CC1ABF9D174}.Release|iPhoneSimulator.Deploy.0 = Release|Any CPU
		{62FD997C-F463-4332-9A5C-8CC1ABF9D174}.Release|x64.ActiveCfg = Release|Any CPU
		{62FD997C-F463-4332-9A5C-8CC1ABF9D174}.Release|x64.Build.0 = Release|Any CPU
		{62FD997C-F463-4332-9A5C-8CC1ABF9D174}.Release|x64.Deploy.0 = Release|Any CPU
		{62FD997C-F463-4332-9A5C-8CC1ABF9D174}.Release|x86.ActiveCfg = Release|Any CPU
		{62FD997C-F463-4332-9A5C-8CC1ABF9D174}.Release|x86.Build.0 = Release|Any CPU
		{62FD997C-F463-4332-9A5C-8CC1ABF9D174}.Release|x86.Deploy.0 = Release|Any CPU
		{96C2E9AD-FCA4-4C86-AC35-1EB6BD47776A}.Ad-Hoc|Any CPU.ActiveCfg = Ad-Hoc|iPhone
		{96C2E9AD-FCA4-4C86-AC35-1EB6BD47776A}.Ad-Hoc|ARM.ActiveCfg = Ad-Hoc|iPhone
		{96C2E9AD-FCA4-4C86-AC35-1EB6BD47776A}.Ad-Hoc|iPhone.ActiveCfg = Ad-Hoc|iPhone
		{96C2E9AD-FCA4-4C86-AC35-1EB6BD47776A}.Ad-Hoc|iPhone.Build.0 = Ad-Hoc|iPhone
		{96C2E9AD-FCA4-4C86-AC35-1EB6BD47776A}.Ad-Hoc|iPhoneSimulator.ActiveCfg = Ad-Hoc|iPhoneSimulator
		{96C2E9AD-FCA4-4C86-AC35-1EB6BD47776A}.Ad-Hoc|iPhoneSimulator.Build.0 = Ad-Hoc|iPhoneSimulator
		{96C2E9AD-FCA4-4C86-AC35-1EB6BD47776A}.Ad-Hoc|x64.ActiveCfg = Ad-Hoc|iPhone
		{96C2E9AD-FCA4-4C86-AC35-1EB6BD47776A}.Ad-Hoc|x86.ActiveCfg = Ad-Hoc|iPhone
		{96C2E9AD-FCA4-4C86-AC35-1EB6BD47776A}.AppStore|Any CPU.ActiveCfg = AppStore|iPhone
		{96C2E9AD-FCA4-4C86-AC35-1EB6BD47776A}.AppStore|ARM.ActiveCfg = AppStore|iPhone
		{96C2E9AD-FCA4-4C86-AC35-1EB6BD47776A}.AppStore|iPhone.ActiveCfg = AppStore|iPhone
		{96C2E9AD-FCA4-4C86-AC35-1EB6BD47776A}.AppStore|iPhone.Build.0 = AppStore|iPhone
		{96C2E9AD-FCA4-4C86-AC35-1EB6BD47776A}.AppStore|iPhoneSimulator.ActiveCfg = AppStore|iPhoneSimulator
		{96C2E9AD-FCA4-4C86-AC35-1EB6BD47776A}.AppStore|iPhoneSimulator.Build.0 = AppStore|iPhoneSimulator
		{96C2E9AD-FCA4-4C86-AC35-1EB6BD47776A}.AppStore|x64.ActiveCfg = AppStore|iPhone
		{96C2E9AD-FCA4-4C86-AC35-1EB6BD47776A}.AppStore|x86.ActiveCfg = AppStore|iPhone
		{96C2E9AD-FCA4-4C86-AC35-1EB6BD47776A}.Debug|Any CPU.ActiveCfg = Debug|iPhone
		{96C2E9AD-FCA4-4C86-AC35-1EB6BD47776A}.Debug|ARM.ActiveCfg = Debug|iPhone
		{96C2E9AD-FCA4-4C86-AC35-1EB6BD47776A}.Debug|iPhone.ActiveCfg = Debug|iPhone
		{96C2E9AD-FCA4-4C86-AC35-1EB6BD47776A}.Debug|iPhone.Build.0 = Debug|iPhone
		{96C2E9AD-FCA4-4C86-AC35-1EB6BD47776A}.Debug|iPhoneSimulator.ActiveCfg = Debug|iPhoneSimulator
		{96C2E9AD-FCA4-4C86-AC35-1EB6BD47776A}.Debug|iPhoneSimulator.Build.0 = Debug|iPhoneSimulator
		{96C2E9AD-FCA4-4C86-AC35-1EB6BD47776A}.Debug|x64.ActiveCfg = Debug|iPhone
		{96C2E9AD-FCA4-4C86-AC35-1EB6BD47776A}.Debug|x86.ActiveCfg = Debug|iPhone
		{96C2E9AD-FCA4-4C86-AC35-1EB6BD47776A}.Release|Any CPU.ActiveCfg = Release|iPhone
		{96C2E9AD-FCA4-4C86-AC35-1EB6BD47776A}.Release|ARM.ActiveCfg = Release|iPhone
		{96C2E9AD-FCA4-4C86-AC35-1EB6BD47776A}.Release|iPhone.ActiveCfg = Release|iPhone
		{96C2E9AD-FCA4-4C86-AC35-1EB6BD47776A}.Release|iPhone.Build.0 = Release|iPhone
		{96C2E9AD-FCA4-4C86-AC35-1EB6BD47776A}.Release|iPhoneSimulator.ActiveCfg = Release|iPhoneSimulator
		{96C2E9AD-FCA4-4C86-AC35-1EB6BD47776A}.Release|iPhoneSimulator.Build.0 = Release|iPhoneSimulator
		{96C2E9AD-FCA4-4C86-AC35-1EB6BD47776A}.Release|x64.ActiveCfg = Release|iPhone
		{96C2E9AD-FCA4-4C86-AC35-1EB6BD47776A}.Release|x86.ActiveCfg = Release|iPhone
		{EFB420E1-7679-4F49-8266-2889284768F5}.Ad-Hoc|Any CPU.ActiveCfg = Release|Any CPU
		{EFB420E1-7679-4F49-8266-2889284768F5}.Ad-Hoc|Any CPU.Build.0 = Release|Any CPU
		{EFB420E1-7679-4F49-8266-2889284768F5}.Ad-Hoc|Any CPU.Deploy.0 = Release|Any CPU
		{EFB420E1-7679-4F49-8266-2889284768F5}.Ad-Hoc|ARM.ActiveCfg = Release|ARM
		{EFB420E1-7679-4F49-8266-2889284768F5}.Ad-Hoc|ARM.Build.0 = Release|ARM
		{EFB420E1-7679-4F49-8266-2889284768F5}.Ad-Hoc|ARM.Deploy.0 = Release|ARM
		{EFB420E1-7679-4F49-8266-2889284768F5}.Ad-Hoc|iPhone.ActiveCfg = Release|Any CPU
		{EFB420E1-7679-4F49-8266-2889284768F5}.Ad-Hoc|iPhone.Build.0 = Release|Any CPU
		{EFB420E1-7679-4F49-8266-2889284768F5}.Ad-Hoc|iPhone.Deploy.0 = Release|Any CPU
		{EFB420E1-7679-4F49-8266-2889284768F5}.Ad-Hoc|iPhoneSimulator.ActiveCfg = Release|Any CPU
		{EFB420E1-7679-4F49-8266-2889284768F5}.Ad-Hoc|iPhoneSimulator.Build.0 = Release|Any CPU
		{EFB420E1-7679-4F49-8266-2889284768F5}.Ad-Hoc|iPhoneSimulator.Deploy.0 = Release|Any CPU
		{EFB420E1-7679-4F49-8266-2889284768F5}.Ad-Hoc|x64.ActiveCfg = Release|Any CPU
		{EFB420E1-7679-4F49-8266-2889284768F5}.Ad-Hoc|x64.Build.0 = Release|Any CPU
		{EFB420E1-7679-4F49-8266-2889284768F5}.Ad-Hoc|x64.Deploy.0 = Release|Any CPU
		{EFB420E1-7679-4F49-8266-2889284768F5}.Ad-Hoc|x86.ActiveCfg = Release|x86
		{EFB420E1-7679-4F49-8266-2889284768F5}.Ad-Hoc|x86.Build.0 = Release|x86
		{EFB420E1-7679-4F49-8266-2889284768F5}.Ad-Hoc|x86.Deploy.0 = Release|x86
		{EFB420E1-7679-4F49-8266-2889284768F5}.AppStore|Any CPU.ActiveCfg = Release|Any CPU
		{EFB420E1-7679-4F49-8266-2889284768F5}.AppStore|Any CPU.Build.0 = Release|Any CPU
		{EFB420E1-7679-4F49-8266-2889284768F5}.AppStore|Any CPU.Deploy.0 = Release|Any CPU
		{EFB420E1-7679-4F49-8266-2889284768F5}.AppStore|ARM.ActiveCfg = Release|ARM
		{EFB420E1-7679-4F49-8266-2889284768F5}.AppStore|ARM.Build.0 = Release|ARM
		{EFB420E1-7679-4F49-8266-2889284768F5}.AppStore|ARM.Deploy.0 = Release|ARM
		{EFB420E1-7679-4F49-8266-2889284768F5}.AppStore|iPhone.ActiveCfg = Release|Any CPU
		{EFB420E1-7679-4F49-8266-2889284768F5}.AppStore|iPhone.Build.0 = Release|Any CPU
		{EFB420E1-7679-4F49-8266-2889284768F5}.AppStore|iPhone.Deploy.0 = Release|Any CPU
		{EFB420E1-7679-4F49-8266-2889284768F5}.AppStore|iPhoneSimulator.ActiveCfg = Release|Any CPU
		{EFB420E1-7679-4F49-8266-2889284768F5}.AppStore|iPhoneSimulator.Build.0 = Release|Any CPU
		{EFB420E1-7679-4F49-8266-2889284768F5}.AppStore|iPhoneSimulator.Deploy.0 = Release|Any CPU
		{EFB420E1-7679-4F49-8266-2889284768F5}.AppStore|x64.ActiveCfg = Release|Any CPU
		{EFB420E1-7679-4F49-8266-2889284768F5}.AppStore|x64.Build.0 = Release|Any CPU
		{EFB420E1-7679-4F49-8266-2889284768F5}.AppStore|x64.Deploy.0 = Release|Any CPU
		{EFB420E1-7679-4F49-8266-2889284768F5}.AppStore|x86.ActiveCfg = Release|x86
		{EFB420E1-7679-4F49-8266-2889284768F5}.AppStore|x86.Build.0 = Release|x86
		{EFB420E1-7679-4F49-8266-2889284768F5}.AppStore|x86.Deploy.0 = Release|x86
		{EFB420E1-7679-4F49-8266-2889284768F5}.Debug|Any CPU.ActiveCfg = Debug|Any CPU
		{EFB420E1-7679-4F49-8266-2889284768F5}.Debug|Any CPU.Build.0 = Debug|Any CPU
		{EFB420E1-7679-4F49-8266-2889284768F5}.Debug|Any CPU.Deploy.0 = Debug|Any CPU
		{EFB420E1-7679-4F49-8266-2889284768F5}.Debug|ARM.ActiveCfg = Debug|ARM
		{EFB420E1-7679-4F49-8266-2889284768F5}.Debug|ARM.Build.0 = Debug|ARM
		{EFB420E1-7679-4F49-8266-2889284768F5}.Debug|ARM.Deploy.0 = Debug|ARM
		{EFB420E1-7679-4F49-8266-2889284768F5}.Debug|iPhone.ActiveCfg = Debug|Any CPU
		{EFB420E1-7679-4F49-8266-2889284768F5}.Debug|iPhone.Build.0 = Debug|Any CPU
		{EFB420E1-7679-4F49-8266-2889284768F5}.Debug|iPhone.Deploy.0 = Debug|Any CPU
		{EFB420E1-7679-4F49-8266-2889284768F5}.Debug|iPhoneSimulator.ActiveCfg = Debug|Any CPU
		{EFB420E1-7679-4F49-8266-2889284768F5}.Debug|iPhoneSimulator.Build.0 = Debug|Any CPU
		{EFB420E1-7679-4F49-8266-2889284768F5}.Debug|iPhoneSimulator.Deploy.0 = Debug|Any CPU
		{EFB420E1-7679-4F49-8266-2889284768F5}.Debug|x64.ActiveCfg = Debug|Any CPU
		{EFB420E1-7679-4F49-8266-2889284768F5}.Debug|x64.Build.0 = Debug|Any CPU
		{EFB420E1-7679-4F49-8266-2889284768F5}.Debug|x64.Deploy.0 = Debug|Any CPU
		{EFB420E1-7679-4F49-8266-2889284768F5}.Debug|x86.ActiveCfg = Debug|x86
		{EFB420E1-7679-4F49-8266-2889284768F5}.Debug|x86.Build.0 = Debug|x86
		{EFB420E1-7679-4F49-8266-2889284768F5}.Debug|x86.Deploy.0 = Debug|x86
		{EFB420E1-7679-4F49-8266-2889284768F5}.Release|Any CPU.ActiveCfg = Release|Any CPU
		{EFB420E1-7679-4F49-8266-2889284768F5}.Release|Any CPU.Build.0 = Release|Any CPU
		{EFB420E1-7679-4F49-8266-2889284768F5}.Release|Any CPU.Deploy.0 = Release|Any CPU
		{EFB420E1-7679-4F49-8266-2889284768F5}.Release|ARM.ActiveCfg = Release|ARM
		{EFB420E1-7679-4F49-8266-2889284768F5}.Release|ARM.Build.0 = Release|ARM
		{EFB420E1-7679-4F49-8266-2889284768F5}.Release|ARM.Deploy.0 = Release|ARM
		{EFB420E1-7679-4F49-8266-2889284768F5}.Release|iPhone.ActiveCfg = Release|Any CPU
		{EFB420E1-7679-4F49-8266-2889284768F5}.Release|iPhone.Build.0 = Release|Any CPU
		{EFB420E1-7679-4F49-8266-2889284768F5}.Release|iPhone.Deploy.0 = Release|Any CPU
		{EFB420E1-7679-4F49-8266-2889284768F5}.Release|iPhoneSimulator.ActiveCfg = Release|Any CPU
		{EFB420E1-7679-4F49-8266-2889284768F5}.Release|iPhoneSimulator.Build.0 = Release|Any CPU
		{EFB420E1-7679-4F49-8266-2889284768F5}.Release|iPhoneSimulator.Deploy.0 = Release|Any CPU
		{EFB420E1-7679-4F49-8266-2889284768F5}.Release|x64.ActiveCfg = Release|Any CPU
		{EFB420E1-7679-4F49-8266-2889284768F5}.Release|x64.Build.0 = Release|Any CPU
		{EFB420E1-7679-4F49-8266-2889284768F5}.Release|x64.Deploy.0 = Release|Any CPU
		{EFB420E1-7679-4F49-8266-2889284768F5}.Release|x86.ActiveCfg = Release|x86
		{EFB420E1-7679-4F49-8266-2889284768F5}.Release|x86.Build.0 = Release|x86
		{EFB420E1-7679-4F49-8266-2889284768F5}.Release|x86.Deploy.0 = Release|x86
		{10532A14-705C-451C-94BC-32A9C4DFFEF2}.Ad-Hoc|Any CPU.ActiveCfg = Release|Any CPU
		{10532A14-705C-451C-94BC-32A9C4DFFEF2}.Ad-Hoc|Any CPU.Build.0 = Release|Any CPU
		{10532A14-705C-451C-94BC-32A9C4DFFEF2}.Ad-Hoc|Any CPU.Deploy.0 = Release|Any CPU
		{10532A14-705C-451C-94BC-32A9C4DFFEF2}.Ad-Hoc|ARM.ActiveCfg = Release|ARM
		{10532A14-705C-451C-94BC-32A9C4DFFEF2}.Ad-Hoc|ARM.Build.0 = Release|ARM
		{10532A14-705C-451C-94BC-32A9C4DFFEF2}.Ad-Hoc|ARM.Deploy.0 = Release|ARM
		{10532A14-705C-451C-94BC-32A9C4DFFEF2}.Ad-Hoc|iPhone.ActiveCfg = Release|Any CPU
		{10532A14-705C-451C-94BC-32A9C4DFFEF2}.Ad-Hoc|iPhone.Build.0 = Release|Any CPU
		{10532A14-705C-451C-94BC-32A9C4DFFEF2}.Ad-Hoc|iPhone.Deploy.0 = Release|Any CPU
		{10532A14-705C-451C-94BC-32A9C4DFFEF2}.Ad-Hoc|iPhoneSimulator.ActiveCfg = Release|Any CPU
		{10532A14-705C-451C-94BC-32A9C4DFFEF2}.Ad-Hoc|iPhoneSimulator.Build.0 = Release|Any CPU
		{10532A14-705C-451C-94BC-32A9C4DFFEF2}.Ad-Hoc|iPhoneSimulator.Deploy.0 = Release|Any CPU
		{10532A14-705C-451C-94BC-32A9C4DFFEF2}.Ad-Hoc|x64.ActiveCfg = Release|x64
		{10532A14-705C-451C-94BC-32A9C4DFFEF2}.Ad-Hoc|x64.Build.0 = Release|x64
		{10532A14-705C-451C-94BC-32A9C4DFFEF2}.Ad-Hoc|x64.Deploy.0 = Release|x64
		{10532A14-705C-451C-94BC-32A9C4DFFEF2}.Ad-Hoc|x86.ActiveCfg = Release|x86
		{10532A14-705C-451C-94BC-32A9C4DFFEF2}.Ad-Hoc|x86.Build.0 = Release|x86
		{10532A14-705C-451C-94BC-32A9C4DFFEF2}.Ad-Hoc|x86.Deploy.0 = Release|x86
		{10532A14-705C-451C-94BC-32A9C4DFFEF2}.AppStore|Any CPU.ActiveCfg = Release|Any CPU
		{10532A14-705C-451C-94BC-32A9C4DFFEF2}.AppStore|Any CPU.Build.0 = Release|Any CPU
		{10532A14-705C-451C-94BC-32A9C4DFFEF2}.AppStore|Any CPU.Deploy.0 = Release|Any CPU
		{10532A14-705C-451C-94BC-32A9C4DFFEF2}.AppStore|ARM.ActiveCfg = Release|ARM
		{10532A14-705C-451C-94BC-32A9C4DFFEF2}.AppStore|ARM.Build.0 = Release|ARM
		{10532A14-705C-451C-94BC-32A9C4DFFEF2}.AppStore|ARM.Deploy.0 = Release|ARM
		{10532A14-705C-451C-94BC-32A9C4DFFEF2}.AppStore|iPhone.ActiveCfg = Release|Any CPU
		{10532A14-705C-451C-94BC-32A9C4DFFEF2}.AppStore|iPhone.Build.0 = Release|Any CPU
		{10532A14-705C-451C-94BC-32A9C4DFFEF2}.AppStore|iPhone.Deploy.0 = Release|Any CPU
		{10532A14-705C-451C-94BC-32A9C4DFFEF2}.AppStore|iPhoneSimulator.ActiveCfg = Release|Any CPU
		{10532A14-705C-451C-94BC-32A9C4DFFEF2}.AppStore|iPhoneSimulator.Build.0 = Release|Any CPU
		{10532A14-705C-451C-94BC-32A9C4DFFEF2}.AppStore|iPhoneSimulator.Deploy.0 = Release|Any CPU
		{10532A14-705C-451C-94BC-32A9C4DFFEF2}.AppStore|x64.ActiveCfg = Release|x64
		{10532A14-705C-451C-94BC-32A9C4DFFEF2}.AppStore|x64.Build.0 = Release|x64
		{10532A14-705C-451C-94BC-32A9C4DFFEF2}.AppStore|x64.Deploy.0 = Release|x64
		{10532A14-705C-451C-94BC-32A9C4DFFEF2}.AppStore|x86.ActiveCfg = Release|x86
		{10532A14-705C-451C-94BC-32A9C4DFFEF2}.AppStore|x86.Build.0 = Release|x86
		{10532A14-705C-451C-94BC-32A9C4DFFEF2}.AppStore|x86.Deploy.0 = Release|x86
		{10532A14-705C-451C-94BC-32A9C4DFFEF2}.Debug|Any CPU.ActiveCfg = Debug|Any CPU
		{10532A14-705C-451C-94BC-32A9C4DFFEF2}.Debug|Any CPU.Build.0 = Debug|Any CPU
		{10532A14-705C-451C-94BC-32A9C4DFFEF2}.Debug|Any CPU.Deploy.0 = Debug|Any CPU
		{10532A14-705C-451C-94BC-32A9C4DFFEF2}.Debug|ARM.ActiveCfg = Debug|ARM
		{10532A14-705C-451C-94BC-32A9C4DFFEF2}.Debug|ARM.Build.0 = Debug|ARM
		{10532A14-705C-451C-94BC-32A9C4DFFEF2}.Debug|ARM.Deploy.0 = Debug|ARM
		{10532A14-705C-451C-94BC-32A9C4DFFEF2}.Debug|iPhone.ActiveCfg = Debug|Any CPU
		{10532A14-705C-451C-94BC-32A9C4DFFEF2}.Debug|iPhone.Build.0 = Debug|Any CPU
		{10532A14-705C-451C-94BC-32A9C4DFFEF2}.Debug|iPhone.Deploy.0 = Debug|Any CPU
		{10532A14-705C-451C-94BC-32A9C4DFFEF2}.Debug|iPhoneSimulator.ActiveCfg = Debug|Any CPU
		{10532A14-705C-451C-94BC-32A9C4DFFEF2}.Debug|iPhoneSimulator.Build.0 = Debug|Any CPU
		{10532A14-705C-451C-94BC-32A9C4DFFEF2}.Debug|iPhoneSimulator.Deploy.0 = Debug|Any CPU
		{10532A14-705C-451C-94BC-32A9C4DFFEF2}.Debug|x64.ActiveCfg = Debug|x64
		{10532A14-705C-451C-94BC-32A9C4DFFEF2}.Debug|x64.Build.0 = Debug|x64
		{10532A14-705C-451C-94BC-32A9C4DFFEF2}.Debug|x64.Deploy.0 = Debug|x64
		{10532A14-705C-451C-94BC-32A9C4DFFEF2}.Debug|x86.ActiveCfg = Debug|x86
		{10532A14-705C-451C-94BC-32A9C4DFFEF2}.Debug|x86.Build.0 = Debug|x86
		{10532A14-705C-451C-94BC-32A9C4DFFEF2}.Debug|x86.Deploy.0 = Debug|x86
		{10532A14-705C-451C-94BC-32A9C4DFFEF2}.Release|Any CPU.ActiveCfg = Release|Any CPU
		{10532A14-705C-451C-94BC-32A9C4DFFEF2}.Release|Any CPU.Build.0 = Release|Any CPU
		{10532A14-705C-451C-94BC-32A9C4DFFEF2}.Release|Any CPU.Deploy.0 = Release|Any CPU
		{10532A14-705C-451C-94BC-32A9C4DFFEF2}.Release|ARM.ActiveCfg = Release|ARM
		{10532A14-705C-451C-94BC-32A9C4DFFEF2}.Release|ARM.Build.0 = Release|ARM
		{10532A14-705C-451C-94BC-32A9C4DFFEF2}.Release|ARM.Deploy.0 = Release|ARM
		{10532A14-705C-451C-94BC-32A9C4DFFEF2}.Release|iPhone.ActiveCfg = Release|Any CPU
		{10532A14-705C-451C-94BC-32A9C4DFFEF2}.Release|iPhone.Build.0 = Release|Any CPU
		{10532A14-705C-451C-94BC-32A9C4DFFEF2}.Release|iPhone.Deploy.0 = Release|Any CPU
		{10532A14-705C-451C-94BC-32A9C4DFFEF2}.Release|iPhoneSimulator.ActiveCfg = Release|Any CPU
		{10532A14-705C-451C-94BC-32A9C4DFFEF2}.Release|iPhoneSimulator.Build.0 = Release|Any CPU
		{10532A14-705C-451C-94BC-32A9C4DFFEF2}.Release|iPhoneSimulator.Deploy.0 = Release|Any CPU
		{10532A14-705C-451C-94BC-32A9C4DFFEF2}.Release|x64.ActiveCfg = Release|x64
		{10532A14-705C-451C-94BC-32A9C4DFFEF2}.Release|x64.Build.0 = Release|x64
		{10532A14-705C-451C-94BC-32A9C4DFFEF2}.Release|x64.Deploy.0 = Release|x64
		{10532A14-705C-451C-94BC-32A9C4DFFEF2}.Release|x86.ActiveCfg = Release|x86
		{10532A14-705C-451C-94BC-32A9C4DFFEF2}.Release|x86.Build.0 = Release|x86
		{10532A14-705C-451C-94BC-32A9C4DFFEF2}.Release|x86.Deploy.0 = Release|x86
		{5DAFEF1A-7F83-4C99-9EA5-EA9C8855846E}.Ad-Hoc|Any CPU.ActiveCfg = Release|Any CPU
		{5DAFEF1A-7F83-4C99-9EA5-EA9C8855846E}.Ad-Hoc|Any CPU.Build.0 = Release|Any CPU
		{5DAFEF1A-7F83-4C99-9EA5-EA9C8855846E}.Ad-Hoc|ARM.ActiveCfg = Release|Any CPU
		{5DAFEF1A-7F83-4C99-9EA5-EA9C8855846E}.Ad-Hoc|ARM.Build.0 = Release|Any CPU
		{5DAFEF1A-7F83-4C99-9EA5-EA9C8855846E}.Ad-Hoc|iPhone.ActiveCfg = Release|Any CPU
		{5DAFEF1A-7F83-4C99-9EA5-EA9C8855846E}.Ad-Hoc|iPhone.Build.0 = Release|Any CPU
		{5DAFEF1A-7F83-4C99-9EA5-EA9C8855846E}.Ad-Hoc|iPhoneSimulator.ActiveCfg = Release|Any CPU
		{5DAFEF1A-7F83-4C99-9EA5-EA9C8855846E}.Ad-Hoc|iPhoneSimulator.Build.0 = Release|Any CPU
		{5DAFEF1A-7F83-4C99-9EA5-EA9C8855846E}.Ad-Hoc|x64.ActiveCfg = Release|Any CPU
		{5DAFEF1A-7F83-4C99-9EA5-EA9C8855846E}.Ad-Hoc|x64.Build.0 = Release|Any CPU
		{5DAFEF1A-7F83-4C99-9EA5-EA9C8855846E}.Ad-Hoc|x86.ActiveCfg = Release|Any CPU
		{5DAFEF1A-7F83-4C99-9EA5-EA9C8855846E}.Ad-Hoc|x86.Build.0 = Release|Any CPU
		{5DAFEF1A-7F83-4C99-9EA5-EA9C8855846E}.AppStore|Any CPU.ActiveCfg = Release|Any CPU
		{5DAFEF1A-7F83-4C99-9EA5-EA9C8855846E}.AppStore|Any CPU.Build.0 = Release|Any CPU
		{5DAFEF1A-7F83-4C99-9EA5-EA9C8855846E}.AppStore|ARM.ActiveCfg = Release|Any CPU
		{5DAFEF1A-7F83-4C99-9EA5-EA9C8855846E}.AppStore|ARM.Build.0 = Release|Any CPU
		{5DAFEF1A-7F83-4C99-9EA5-EA9C8855846E}.AppStore|iPhone.ActiveCfg = Release|Any CPU
		{5DAFEF1A-7F83-4C99-9EA5-EA9C8855846E}.AppStore|iPhone.Build.0 = Release|Any CPU
		{5DAFEF1A-7F83-4C99-9EA5-EA9C8855846E}.AppStore|iPhoneSimulator.ActiveCfg = Release|Any CPU
		{5DAFEF1A-7F83-4C99-9EA5-EA9C8855846E}.AppStore|iPhoneSimulator.Build.0 = Release|Any CPU
		{5DAFEF1A-7F83-4C99-9EA5-EA9C8855846E}.AppStore|x64.ActiveCfg = Release|Any CPU
		{5DAFEF1A-7F83-4C99-9EA5-EA9C8855846E}.AppStore|x64.Build.0 = Release|Any CPU
		{5DAFEF1A-7F83-4C99-9EA5-EA9C8855846E}.AppStore|x86.ActiveCfg = Release|Any CPU
		{5DAFEF1A-7F83-4C99-9EA5-EA9C8855846E}.AppStore|x86.Build.0 = Release|Any CPU
		{5DAFEF1A-7F83-4C99-9EA5-EA9C8855846E}.Debug|Any CPU.ActiveCfg = Debug|Any CPU
		{5DAFEF1A-7F83-4C99-9EA5-EA9C8855846E}.Debug|Any CPU.Build.0 = Debug|Any CPU
		{5DAFEF1A-7F83-4C99-9EA5-EA9C8855846E}.Debug|ARM.ActiveCfg = Debug|Any CPU
		{5DAFEF1A-7F83-4C99-9EA5-EA9C8855846E}.Debug|ARM.Build.0 = Debug|Any CPU
		{5DAFEF1A-7F83-4C99-9EA5-EA9C8855846E}.Debug|iPhone.ActiveCfg = Debug|Any CPU
		{5DAFEF1A-7F83-4C99-9EA5-EA9C8855846E}.Debug|iPhone.Build.0 = Debug|Any CPU
		{5DAFEF1A-7F83-4C99-9EA5-EA9C8855846E}.Debug|iPhoneSimulator.ActiveCfg = Debug|Any CPU
		{5DAFEF1A-7F83-4C99-9EA5-EA9C8855846E}.Debug|iPhoneSimulator.Build.0 = Debug|Any CPU
		{5DAFEF1A-7F83-4C99-9EA5-EA9C8855846E}.Debug|x64.ActiveCfg = Debug|Any CPU
		{5DAFEF1A-7F83-4C99-9EA5-EA9C8855846E}.Debug|x64.Build.0 = Debug|Any CPU
		{5DAFEF1A-7F83-4C99-9EA5-EA9C8855846E}.Debug|x86.ActiveCfg = Debug|Any CPU
		{5DAFEF1A-7F83-4C99-9EA5-EA9C8855846E}.Debug|x86.Build.0 = Debug|Any CPU
		{5DAFEF1A-7F83-4C99-9EA5-EA9C8855846E}.Release|Any CPU.ActiveCfg = Release|Any CPU
		{5DAFEF1A-7F83-4C99-9EA5-EA9C8855846E}.Release|Any CPU.Build.0 = Release|Any CPU
		{5DAFEF1A-7F83-4C99-9EA5-EA9C8855846E}.Release|ARM.ActiveCfg = Release|Any CPU
		{5DAFEF1A-7F83-4C99-9EA5-EA9C8855846E}.Release|ARM.Build.0 = Release|Any CPU
		{5DAFEF1A-7F83-4C99-9EA5-EA9C8855846E}.Release|iPhone.ActiveCfg = Release|Any CPU
		{5DAFEF1A-7F83-4C99-9EA5-EA9C8855846E}.Release|iPhone.Build.0 = Release|Any CPU
		{5DAFEF1A-7F83-4C99-9EA5-EA9C8855846E}.Release|iPhoneSimulator.ActiveCfg = Release|Any CPU
		{5DAFEF1A-7F83-4C99-9EA5-EA9C8855846E}.Release|iPhoneSimulator.Build.0 = Release|Any CPU
		{5DAFEF1A-7F83-4C99-9EA5-EA9C8855846E}.Release|x64.ActiveCfg = Release|Any CPU
		{5DAFEF1A-7F83-4C99-9EA5-EA9C8855846E}.Release|x64.Build.0 = Release|Any CPU
		{5DAFEF1A-7F83-4C99-9EA5-EA9C8855846E}.Release|x86.ActiveCfg = Release|Any CPU
		{5DAFEF1A-7F83-4C99-9EA5-EA9C8855846E}.Release|x86.Build.0 = Release|Any CPU
	EndGlobalSection
	GlobalSection(SolutionProperties) = preSolution
		HideSolutionNode = FALSE
	EndGlobalSection
EndGlobal
